// !$*UTF8*$!
{
	archiveVersion = 1;
	classes = {
	};
	objectVersion = 46;
	objects = {

/* Begin PBXBuildFile section */
		A0A97BBF1CD3DB32008420D4 /* AppDelegate.swift in Sources */ = {isa = PBXBuildFile; fileRef = A0A97BBE1CD3DB32008420D4 /* AppDelegate.swift */; };
		A0A97BC11CD3DB32008420D4 /* ViewController.swift in Sources */ = {isa = PBXBuildFile; fileRef = A0A97BC01CD3DB32008420D4 /* ViewController.swift */; };
		A0A97BC41CD3DB32008420D4 /* Main.storyboard in Resources */ = {isa = PBXBuildFile; fileRef = A0A97BC21CD3DB32008420D4 /* Main.storyboard */; };
		A0A97BC61CD3DB32008420D4 /* Images.xcassets in Resources */ = {isa = PBXBuildFile; fileRef = A0A97BC51CD3DB32008420D4 /* Images.xcassets */; };
		A0A97BC91CD3DB32008420D4 /* LaunchScreen.xib in Resources */ = {isa = PBXBuildFile; fileRef = A0A97BC71CD3DB32008420D4 /* LaunchScreen.xib */; };
		A0A97BD51CD3DB32008420D4 /* BoltifiTests.swift in Sources */ = {isa = PBXBuildFile; fileRef = A0A97BD41CD3DB32008420D4 /* BoltifiTests.swift */; };
/* End PBXBuildFile section */

/* Begin PBXContainerItemProxy section */
		A0A97BCF1CD3DB32008420D4 /* PBXContainerItemProxy */ = {
			isa = PBXContainerItemProxy;
			containerPortal = A0A97BB11CD3DB32008420D4 /* Project object */;
			proxyType = 1;
			remoteGlobalIDString = A0A97BB81CD3DB32008420D4;
			remoteInfo = Boltifi;
		};
/* End PBXContainerItemProxy section */

/* Begin PBXFileReference section */
		A0A97BB91CD3DB32008420D4 /* Boltifi.app */ = {isa = PBXFileReference; explicitFileType = wrapper.application; includeInIndex = 0; path = Boltifi.app; sourceTree = BUILT_PRODUCTS_DIR; };
		A0A97BBD1CD3DB32008420D4 /* Info.plist */ = {isa = PBXFileReference; lastKnownFileType = text.plist.xml; path = Info.plist; sourceTree = "<group>"; };
		A0A97BBE1CD3DB32008420D4 /* AppDelegate.swift */ = {isa = PBXFileReference; lastKnownFileType = sourcecode.swift; path = AppDelegate.swift; sourceTree = "<group>"; };
		A0A97BC01CD3DB32008420D4 /* ViewController.swift */ = {isa = PBXFileReference; lastKnownFileType = sourcecode.swift; path = ViewController.swift; sourceTree = "<group>"; };
		A0A97BC31CD3DB32008420D4 /* Base */ = {isa = PBXFileReference; lastKnownFileType = file.storyboard; name = Base; path = Base.lproj/Main.storyboard; sourceTree = "<group>"; };
		A0A97BC51CD3DB32008420D4 /* Images.xcassets */ = {isa = PBXFileReference; lastKnownFileType = folder.assetcatalog; path = Images.xcassets; sourceTree = "<group>"; };
		A0A97BC81CD3DB32008420D4 /* Base */ = {isa = PBXFileReference; lastKnownFileType = file.xib; name = Base; path = Base.lproj/LaunchScreen.xib; sourceTree = "<group>"; };
		A0A97BCE1CD3DB32008420D4 /* BoltifiTests.xctest */ = {isa = PBXFileReference; explicitFileType = wrapper.cfbundle; includeInIndex = 0; path = BoltifiTests.xctest; sourceTree = BUILT_PRODUCTS_DIR; };
		A0A97BD31CD3DB32008420D4 /* Info.plist */ = {isa = PBXFileReference; lastKnownFileType = text.plist.xml; path = Info.plist; sourceTree = "<group>"; };
		A0A97BD41CD3DB32008420D4 /* BoltifiTests.swift */ = {isa = PBXFileReference; lastKnownFileType = sourcecode.swift; path = BoltifiTests.swift; sourceTree = "<group>"; };
/* End PBXFileReference section */

/* Begin PBXFrameworksBuildPhase section */
		A0A97BB61CD3DB32008420D4 /* Frameworks */ = {
			isa = PBXFrameworksBuildPhase;
			buildActionMask = 2147483647;
			files = (
			);
			runOnlyForDeploymentPostprocessing = 0;
		};
		A0A97BCB1CD3DB32008420D4 /* Frameworks */ = {
			isa = PBXFrameworksBuildPhase;
			buildActionMask = 2147483647;
			files = (
			);
			runOnlyForDeploymentPostprocessing = 0;
		};
/* End PBXFrameworksBuildPhase section */

/* Begin PBXGroup section */
		A0A97BB01CD3DB32008420D4 = {
			isa = PBXGroup;
			children = (
				A0A97BBB1CD3DB32008420D4 /* Boltifi */,
				A0A97BD11CD3DB32008420D4 /* BoltifiTests */,
				A0A97BBA1CD3DB32008420D4 /* Products */,
			);
			sourceTree = "<group>";
		};
		A0A97BBA1CD3DB32008420D4 /* Products */ = {
			isa = PBXGroup;
			children = (
				A0A97BB91CD3DB32008420D4 /* Boltifi.app */,
				A0A97BCE1CD3DB32008420D4 /* BoltifiTests.xctest */,
			);
			name = Products;
			sourceTree = "<group>";
		};
		A0A97BBB1CD3DB32008420D4 /* Boltifi */ = {
			isa = PBXGroup;
			children = (
				A0A97BBE1CD3DB32008420D4 /* AppDelegate.swift */,
				A0A97BC01CD3DB32008420D4 /* ViewController.swift */,
				A0A97BC21CD3DB32008420D4 /* Main.storyboard */,
				A0A97BC51CD3DB32008420D4 /* Images.xcassets */,
				A0A97BC71CD3DB32008420D4 /* LaunchScreen.xib */,
				A0A97BBC1CD3DB32008420D4 /* Supporting Files */,
			);
			path = Boltifi;
			sourceTree = "<group>";
		};
		A0A97BBC1CD3DB32008420D4 /* Supporting Files */ = {
			isa = PBXGroup;
			children = (
				A0A97BBD1CD3DB32008420D4 /* Info.plist */,
			);
			name = "Supporting Files";
			sourceTree = "<group>";
		};
		A0A97BD11CD3DB32008420D4 /* BoltifiTests */ = {
			isa = PBXGroup;
			children = (
				A0A97BD41CD3DB32008420D4 /* BoltifiTests.swift */,
				A0A97BD21CD3DB32008420D4 /* Supporting Files */,
			);
			path = BoltifiTests;
			sourceTree = "<group>";
		};
		A0A97BD21CD3DB32008420D4 /* Supporting Files */ = {
			isa = PBXGroup;
			children = (
				A0A97BD31CD3DB32008420D4 /* Info.plist */,
			);
			name = "Supporting Files";
			sourceTree = "<group>";
		};
/* End PBXGroup section */

/* Begin PBXNativeTarget section */
		A0A97BB81CD3DB32008420D4 /* Boltifi */ = {
			isa = PBXNativeTarget;
			buildConfigurationList = A0A97BD81CD3DB32008420D4 /* Build configuration list for PBXNativeTarget "Boltifi" */;
			buildPhases = (
				A0A97BB51CD3DB32008420D4 /* Sources */,
				A0A97BB61CD3DB32008420D4 /* Frameworks */,
				A0A97BB71CD3DB32008420D4 /* Resources */,
			);
			buildRules = (
			);
			dependencies = (
			);
			name = Boltifi;
			productName = Boltifi;
			productReference = A0A97BB91CD3DB32008420D4 /* Boltifi.app */;
			productType = "com.apple.product-type.application";
		};
		A0A97BCD1CD3DB32008420D4 /* BoltifiTests */ = {
			isa = PBXNativeTarget;
			buildConfigurationList = A0A97BDB1CD3DB32008420D4 /* Build configuration list for PBXNativeTarget "BoltifiTests" */;
			buildPhases = (
				A0A97BCA1CD3DB32008420D4 /* Sources */,
				A0A97BCB1CD3DB32008420D4 /* Frameworks */,
				A0A97BCC1CD3DB32008420D4 /* Resources */,
			);
			buildRules = (
			);
			dependencies = (
				A0A97BD01CD3DB32008420D4 /* PBXTargetDependency */,
			);
			name = BoltifiTests;
			productName = BoltifiTests;
			productReference = A0A97BCE1CD3DB32008420D4 /* BoltifiTests.xctest */;
			productType = "com.apple.product-type.bundle.unit-test";
		};
/* End PBXNativeTarget section */

/* Begin PBXProject section */
		A0A97BB11CD3DB32008420D4 /* Project object */ = {
			isa = PBXProject;
			attributes = {
				LastUpgradeCheck = 0630;
				ORGANIZATIONNAME = Boltifi;
				TargetAttributes = {
					A0A97BB81CD3DB32008420D4 = {
						CreatedOnToolsVersion = 6.3;
					};
					A0A97BCD1CD3DB32008420D4 = {
						CreatedOnToolsVersion = 6.3;
						TestTargetID = A0A97BB81CD3DB32008420D4;
					};
				};
			};
			buildConfigurationList = A0A97BB41CD3DB32008420D4 /* Build configuration list for PBXProject "Boltifi" */;
			compatibilityVersion = "Xcode 3.2";
			developmentRegion = English;
			hasScannedForEncodings = 0;
			knownRegions = (
				en,
				Base,
			);
			mainGroup = A0A97BB01CD3DB32008420D4;
			productRefGroup = A0A97BBA1CD3DB32008420D4 /* Products */;
			projectDirPath = "";
			projectRoot = "";
			targets = (
				A0A97BB81CD3DB32008420D4 /* Boltifi */,
				A0A97BCD1CD3DB32008420D4 /* BoltifiTests */,
			);
		};
/* End PBXProject section */

/* Begin PBXResourcesBuildPhase section */
		A0A97BB71CD3DB32008420D4 /* Resources */ = {
			isa = PBXResourcesBuildPhase;
			buildActionMask = 2147483647;
			files = (
				A0A97BC41CD3DB32008420D4 /* Main.storyboard in Resources */,
				A0A97BC91CD3DB32008420D4 /* LaunchScreen.xib in Resources */,
				A0A97BC61CD3DB32008420D4 /* Images.xcassets in Resources */,
			);
			runOnlyForDeploymentPostprocessing = 0;
		};
		A0A97BCC1CD3DB32008420D4 /* Resources */ = {
			isa = PBXResourcesBuildPhase;
			buildActionMask = 2147483647;
			files = (
			);
			runOnlyForDeploymentPostprocessing = 0;
		};
/* End PBXResourcesBuildPhase section */

/* Begin PBXSourcesBuildPhase section */
		A0A97BB51CD3DB32008420D4 /* Sources */ = {
			isa = PBXSourcesBuildPhase;
			buildActionMask = 2147483647;
			files = (
				A0A97BC11CD3DB32008420D4 /* ViewController.swift in Sources */,
				A0A97BBF1CD3DB32008420D4 /* AppDelegate.swift in Sources */,
			);
			runOnlyForDeploymentPostprocessing = 0;
		};
		A0A97BCA1CD3DB32008420D4 /* Sources */ = {
			isa = PBXSourcesBuildPhase;
			buildActionMask = 2147483647;
			files = (
				A0A97BD51CD3DB32008420D4 /* BoltifiTests.swift in Sources */,
			);
			runOnlyForDeploymentPostprocessing = 0;
		};
/* End PBXSourcesBuildPhase section */

/* Begin PBXTargetDependency section */
		A0A97BD01CD3DB32008420D4 /* PBXTargetDependency */ = {
			isa = PBXTargetDependency;
			target = A0A97BB81CD3DB32008420D4 /* Boltifi */;
			targetProxy = A0A97BCF1CD3DB32008420D4 /* PBXContainerItemProxy */;
		};
/* End PBXTargetDependency section */

/* Begin PBXVariantGroup section */
		A0A97BC21CD3DB32008420D4 /* Main.storyboard */ = {
			isa = PBXVariantGroup;
			children = (
				A0A97BC31CD3DB32008420D4 /* Base */,
			);
			name = Main.storyboard;
			sourceTree = "<group>";
		};
		A0A97BC71CD3DB32008420D4 /* LaunchScreen.xib */ = {
			isa = PBXVariantGroup;
			children = (
				A0A97BC81CD3DB32008420D4 /* Base */,
			);
			name = LaunchScreen.xib;
			sourceTree = "<group>";
		};
/* End PBXVariantGroup section */

/* Begin XCBuildConfiguration section */
		A0A97BD61CD3DB32008420D4 /* Debug */ = {
			isa = XCBuildConfiguration;
			buildSettings = {
				ALWAYS_SEARCH_USER_PATHS = NO;
				CLANG_CXX_LANGUAGE_STANDARD = "gnu++0x";
				CLANG_CXX_LIBRARY = "libc++";
				CLANG_ENABLE_MODULES = YES;
				CLANG_ENABLE_OBJC_ARC = YES;
				CLANG_WARN_BOOL_CONVERSION = YES;
				CLANG_WARN_CONSTANT_CONVERSION = YES;
				CLANG_WARN_DIRECT_OBJC_ISA_USAGE = YES_ERROR;
				CLANG_WARN_EMPTY_BODY = YES;
				CLANG_WARN_ENUM_CONVERSION = YES;
				CLANG_WARN_INT_CONVERSION = YES;
				CLANG_WARN_OBJC_ROOT_CLASS = YES_ERROR;
				CLANG_WARN_UNREACHABLE_CODE = YES;
				CLANG_WARN__DUPLICATE_METHOD_MATCH = YES;
				"CODE_SIGN_IDENTITY[sdk=iphoneos*]" = "iPhone Developer";
				COPY_PHASE_STRIP = NO;
				DEBUG_INFORMATION_FORMAT = "dwarf-with-dsym";
				ENABLE_STRICT_OBJC_MSGSEND = YES;
				GCC_C_LANGUAGE_STANDARD = gnu99;
				GCC_DYNAMIC_NO_PIC = NO;
				GCC_NO_COMMON_BLOCKS = YES;
				GCC_OPTIMIZATION_LEVEL = 0;
				GCC_PREPROCESSOR_DEFINITIONS = (
					"DEBUG=1",
					"$(inherited)",
				);
				GCC_SYMBOLS_PRIVATE_EXTERN = NO;
				GCC_WARN_64_TO_32_BIT_CONVERSION = YES;
				GCC_WARN_ABOUT_RETURN_TYPE = YES_ERROR;
				GCC_WARN_UNDECLARED_SELECTOR = YES;
				GCC_WARN_UNINITIALIZED_AUTOS = YES_AGGRESSIVE;
				GCC_WARN_UNUSED_FUNCTION = YES;
				GCC_WARN_UNUSED_VARIABLE = YES;
				IPHONEOS_DEPLOYMENT_TARGET = 8.3;
				MTL_ENABLE_DEBUG_INFO = YES;
				ONLY_ACTIVE_ARCH = YES;
				SDKROOT = iphoneos;
				SWIFT_OPTIMIZATION_LEVEL = "-Onone";
			};
			name = Debug;
		};
		A0A97BD71CD3DB32008420D4 /* Release */ = {
			isa = XCBuildConfiguration;
			buildSettings = {
				ALWAYS_SEARCH_USER_PATHS = NO;
				CLANG_CXX_LANGUAGE_STANDARD = "gnu++0x";
				CLANG_CXX_LIBRARY = "libc++";
				CLANG_ENABLE_MODULES = YES;
				CLANG_ENABLE_OBJC_ARC = YES;
				CLANG_WARN_BOOL_CONVERSION = YES;
				CLANG_WARN_CONSTANT_CONVERSION = YES;
				CLANG_WARN_DIRECT_OBJC_ISA_USAGE = YES_ERROR;
				CLANG_WARN_EMPTY_BODY = YES;
				CLANG_WARN_ENUM_CONVERSION = YES;
				CLANG_WARN_INT_CONVERSION = YES;
				CLANG_WARN_OBJC_ROOT_CLASS = YES_ERROR;
				CLANG_WARN_UNREACHABLE_CODE = YES;
				CLANG_WARN__DUPLICATE_METHOD_MATCH = YES;
				"CODE_SIGN_IDENTITY[sdk=iphoneos*]" = "iPhone Developer";
				COPY_PHASE_STRIP = NO;
				DEBUG_INFORMATION_FORMAT = "dwarf-with-dsym";
				ENABLE_NS_ASSERTIONS = NO;
				ENABLE_STRICT_OBJC_MSGSEND = YES;
				GCC_C_LANGUAGE_STANDARD = gnu99;
				GCC_NO_COMMON_BLOCKS = YES;
				GCC_WARN_64_TO_32_BIT_CONVERSION = YES;
				GCC_WARN_ABOUT_RETURN_TYPE = YES_ERROR;
				GCC_WARN_UNDECLARED_SELECTOR = YES;
				GCC_WARN_UNINITIALIZED_AUTOS = YES_AGGRESSIVE;
				GCC_WARN_UNUSED_FUNCTION = YES;
				GCC_WARN_UNUSED_VARIABLE = YES;
				IPHONEOS_DEPLOYMENT_TARGET = 8.3;
				MTL_ENABLE_DEBUG_INFO = NO;
				SDKROOT = iphoneos;
				VALIDATE_PRODUCT = YES;
			};
			name = Release;
		};
		A0A97BD91CD3DB32008420D4 /* Debug */ = {
			isa = XCBuildConfiguration;
			buildSettings = {
				ASSETCATALOG_COMPILER_APPICON_NAME = AppIcon;
				INFOPLIST_FILE = Boltifi/Info.plist;
				LD_RUNPATH_SEARCH_PATHS = "$(inherited) @executable_path/Frameworks";
				PRODUCT_NAME = "$(TARGET_NAME)";
			};
			name = Debug;
		};
		A0A97BDA1CD3DB32008420D4 /* Release */ = {
			isa = XCBuildConfiguration;
			buildSettings = {
				ASSETCATALOG_COMPILER_APPICON_NAME = AppIcon;
				INFOPLIST_FILE = Boltifi/Info.plist;
				LD_RUNPATH_SEARCH_PATHS = "$(inherited) @executable_path/Frameworks";
				PRODUCT_NAME = "$(TARGET_NAME)";
			};
			name = Release;
		};
		A0A97BDC1CD3DB32008420D4 /* Debug */ = {
			isa = XCBuildConfiguration;
			buildSettings = {
				BUNDLE_LOADER = "$(TEST_HOST)";
				FRAMEWORK_SEARCH_PATHS = (
					"$(SDKROOT)/Developer/Library/Frameworks",
					"$(inherited)",
				);
				GCC_PREPROCESSOR_DEFINITIONS = (
					"DEBUG=1",
					"$(inherited)",
				);
				INFOPLIST_FILE = BoltifiTests/Info.plist;
				LD_RUNPATH_SEARCH_PATHS = "$(inherited) @executable_path/Frameworks @loader_path/Frameworks";
				PRODUCT_NAME = "$(TARGET_NAME)";
				TEST_HOST = "$(BUILT_PRODUCTS_DIR)/Boltifi.app/Boltifi";
			};
			name = Debug;
		};
		A0A97BDD1CD3DB32008420D4 /* Release */ = {
			isa = XCBuildConfiguration;
			buildSettings = {
				BUNDLE_LOADER = "$(TEST_HOST)";
				FRAMEWORK_SEARCH_PATHS = (
					"$(SDKROOT)/Developer/Library/Frameworks",
					"$(inherited)",
				);
				INFOPLIST_FILE = BoltifiTests/Info.plist;
				LD_RUNPATH_SEARCH_PATHS = "$(inherited) @executable_path/Frameworks @loader_path/Frameworks";
				PRODUCT_NAME = "$(TARGET_NAME)";
				TEST_HOST = "$(BUILT_PRODUCTS_DIR)/Boltifi.app/Boltifi";
			};
			name = Release;
		};
/* End XCBuildConfiguration section */

/* Begin XCConfigurationList section */
		A0A97BB41CD3DB32008420D4 /* Build configuration list for PBXProject "Boltifi" */ = {
			isa = XCConfigurationList;
			buildConfigurations = (
				A0A97BD61CD3DB32008420D4 /* Debug */,
				A0A97BD71CD3DB32008420D4 /* Release */,
			);
			defaultConfigurationIsVisible = 0;
			defaultConfigurationName = Release;
		};
		A0A97BD81CD3DB32008420D4 /* Build configuration list for PBXNativeTarget "Boltifi" */ = {
			isa = XCConfigurationList;
			buildConfigurations = (
				A0A97BD91CD3DB32008420D4 /* Debug */,
				A0A97BDA1CD3DB32008420D4 /* Release */,
			);
			defaultConfigurationIsVisible = 0;
		};
		A0A97BDB1CD3DB32008420D4 /* Build configuration list for PBXNativeTarget "BoltifiTests" */ = {
			isa = XCConfigurationList;
			buildConfigurations = (
				A0A97BDC1CD3DB32008420D4 /* Debug */,
				A0A97BDD1CD3DB32008420D4 /* Release */,
			);
			defaultConfigurationIsVisible = 0;
		};
/* End XCConfigurationList section */
	};
	rootObject = A0A97BB11CD3DB32008420D4 /* Project object */;
}
