// !$*UTF8*$!
{
	archiveVersion = 1;
	classes = {
	};
	objectVersion = 46;
	objects = {

/* Begin PBXBuildFile section */
		A0A97BBF1CD3DB32008420D4 /* AppDelegate.swift in Sources */ = {isa = PBXBuildFile; fileRef = A0A97BBE1CD3DB32008420D4 /* AppDelegate.swift */; };
		A0A97BC41CD3DB32008420D4 /* Main.storyboard in Resources */ = {isa = PBXBuildFile; fileRef = A0A97BC21CD3DB32008420D4 /* Main.storyboard */; };
		A0A97BC61CD3DB32008420D4 /* Images.xcassets in Resources */ = {isa = PBXBuildFile; fileRef = A0A97BC51CD3DB32008420D4 /* Images.xcassets */; };
		A0A97BC91CD3DB32008420D4 /* LaunchScreen.xib in Resources */ = {isa = PBXBuildFile; fileRef = A0A97BC71CD3DB32008420D4 /* LaunchScreen.xib */; };
		A0B68EAD1CD55352005CECE7 /* FareEstimateViewController.swift in Sources */ = {isa = PBXBuildFile; fileRef = A0B68EAC1CD55352005CECE7 /* FareEstimateViewController.swift */; };
		A0B68EAF1CD557C8005CECE7 /* TripConfirmationViewController.swift in Sources */ = {isa = PBXBuildFile; fileRef = A0B68EAE1CD557C8005CECE7 /* TripConfirmationViewController.swift */; };
		A0BB39411CD4BA7F00AE0AFB /* GoogleMaps.bundle in Resources */ = {isa = PBXBuildFile; fileRef = A0BB393F1CD4BA7F00AE0AFB /* GoogleMaps.bundle */; };
		A0BB39421CD4BA7F00AE0AFB /* GoogleMaps.framework in Frameworks */ = {isa = PBXBuildFile; fileRef = A0BB39401CD4BA7F00AE0AFB /* GoogleMaps.framework */; };
		A0BB39441CD4BA9600AE0AFB /* AVFoundation.framework in Frameworks */ = {isa = PBXBuildFile; fileRef = A0BB39431CD4BA9600AE0AFB /* AVFoundation.framework */; };
		A0BB394F1CD4BAFC00AE0AFB /* CoreData.framework in Frameworks */ = {isa = PBXBuildFile; fileRef = A0BB39451CD4BAFC00AE0AFB /* CoreData.framework */; };
		A0BB39501CD4BAFC00AE0AFB /* CoreLocation.framework in Frameworks */ = {isa = PBXBuildFile; fileRef = A0BB39461CD4BAFC00AE0AFB /* CoreLocation.framework */; };
		A0BB39511CD4BAFC00AE0AFB /* CoreText.framework in Frameworks */ = {isa = PBXBuildFile; fileRef = A0BB39471CD4BAFC00AE0AFB /* CoreText.framework */; };
		A0BB39521CD4BAFC00AE0AFB /* GLKit.framework in Frameworks */ = {isa = PBXBuildFile; fileRef = A0BB39481CD4BAFC00AE0AFB /* GLKit.framework */; };
		A0BB39531CD4BAFC00AE0AFB /* ImageIO.framework in Frameworks */ = {isa = PBXBuildFile; fileRef = A0BB39491CD4BAFC00AE0AFB /* ImageIO.framework */; };
		A0BB39541CD4BAFC00AE0AFB /* libc++.dylib in Frameworks */ = {isa = PBXBuildFile; fileRef = A0BB394A1CD4BAFC00AE0AFB /* libc++.dylib */; };
		A0BB39551CD4BAFC00AE0AFB /* libz.dylib in Frameworks */ = {isa = PBXBuildFile; fileRef = A0BB394B1CD4BAFC00AE0AFB /* libz.dylib */; };
		A0BB39561CD4BAFC00AE0AFB /* OpenGLES.framework in Frameworks */ = {isa = PBXBuildFile; fileRef = A0BB394C1CD4BAFC00AE0AFB /* OpenGLES.framework */; };
		A0BB39571CD4BAFC00AE0AFB /* QuartzCore.framework in Frameworks */ = {isa = PBXBuildFile; fileRef = A0BB394D1CD4BAFC00AE0AFB /* QuartzCore.framework */; };
		A0BB39581CD4BAFC00AE0AFB /* SystemConfiguration.framework in Frameworks */ = {isa = PBXBuildFile; fileRef = A0BB394E1CD4BAFC00AE0AFB /* SystemConfiguration.framework */; };
		A0BB395A1CD4BB0800AE0AFB /* libicucore.dylib in Frameworks */ = {isa = PBXBuildFile; fileRef = A0BB39591CD4BB0800AE0AFB /* libicucore.dylib */; };
		A0BB395B1CD4BC2F00AE0AFB /* GoogleMaps.bundle in Frameworks */ = {isa = PBXBuildFile; fileRef = A0BB393F1CD4BA7F00AE0AFB /* GoogleMaps.bundle */; };
		A0BB395C1CD4BC3F00AE0AFB /* GoogleMaps.bundle in Sources */ = {isa = PBXBuildFile; fileRef = A0BB393F1CD4BA7F00AE0AFB /* GoogleMaps.bundle */; };
		A0BB39611CD4BF7400AE0AFB /* Constants.swift in Sources */ = {isa = PBXBuildFile; fileRef = A0BB39601CD4BF7400AE0AFB /* Constants.swift */; };
		A0CDA65E1CD3FE9500F18955 /* Utils.swift in Sources */ = {isa = PBXBuildFile; fileRef = A0CDA6581CD3FE9500F18955 /* Utils.swift */; };
		A0CDA6601CD3FE9500F18955 /* BaseViewController.swift in Sources */ = {isa = PBXBuildFile; fileRef = A0CDA65A1CD3FE9500F18955 /* BaseViewController.swift */; };
		A0CDA6621CD3FE9500F18955 /* LoginViewController.swift in Sources */ = {isa = PBXBuildFile; fileRef = A0CDA65B1CD3FE9500F18955 /* LoginViewController.swift */; };
		A0CDA6641CD3FE9500F18955 /* MapViewController.swift in Sources */ = {isa = PBXBuildFile; fileRef = A0CDA65C1CD3FE9500F18955 /* MapViewController.swift */; };
		A0CDA6661CD3FE9500F18955 /* RegistrationViewController.swift in Sources */ = {isa = PBXBuildFile; fileRef = A0CDA65D1CD3FE9500F18955 /* RegistrationViewController.swift */; };
/* End PBXBuildFile section */

/* Begin PBXFileReference section */
		A0A97BB91CD3DB32008420D4 /* Boltifi.app */ = {isa = PBXFileReference; explicitFileType = wrapper.application; includeInIndex = 0; path = Boltifi.app; sourceTree = BUILT_PRODUCTS_DIR; };
		A0A97BBD1CD3DB32008420D4 /* Info.plist */ = {isa = PBXFileReference; lastKnownFileType = text.plist.xml; path = Info.plist; sourceTree = "<group>"; };
		A0A97BBE1CD3DB32008420D4 /* AppDelegate.swift */ = {isa = PBXFileReference; lastKnownFileType = sourcecode.swift; path = AppDelegate.swift; sourceTree = "<group>"; };
		A0A97BC31CD3DB32008420D4 /* Base */ = {isa = PBXFileReference; lastKnownFileType = file.storyboard; name = Base; path = Base.lproj/Main.storyboard; sourceTree = "<group>"; };
		A0A97BC51CD3DB32008420D4 /* Images.xcassets */ = {isa = PBXFileReference; lastKnownFileType = folder.assetcatalog; path = Images.xcassets; sourceTree = "<group>"; };
		A0A97BC81CD3DB32008420D4 /* Base */ = {isa = PBXFileReference; lastKnownFileType = file.xib; name = Base; path = Base.lproj/LaunchScreen.xib; sourceTree = "<group>"; };
		A0B68EAC1CD55352005CECE7 /* FareEstimateViewController.swift */ = {isa = PBXFileReference; fileEncoding = 4; lastKnownFileType = sourcecode.swift; path = FareEstimateViewController.swift; sourceTree = "<group>"; };
		A0B68EAE1CD557C8005CECE7 /* TripConfirmationViewController.swift */ = {isa = PBXFileReference; fileEncoding = 4; lastKnownFileType = sourcecode.swift; path = TripConfirmationViewController.swift; sourceTree = "<group>"; };
		A0BB393F1CD4BA7F00AE0AFB /* GoogleMaps.bundle */ = {isa = PBXFileReference; lastKnownFileType = "wrapper.plug-in"; name = GoogleMaps.bundle; path = Boltifi/GoogleMaps.bundle; sourceTree = "<group>"; };
		A0BB39401CD4BA7F00AE0AFB /* GoogleMaps.framework */ = {isa = PBXFileReference; lastKnownFileType = wrapper.framework; name = GoogleMaps.framework; path = Boltifi/GoogleMaps.framework; sourceTree = "<group>"; };
		A0BB39431CD4BA9600AE0AFB /* AVFoundation.framework */ = {isa = PBXFileReference; lastKnownFileType = wrapper.framework; name = AVFoundation.framework; path = System/Library/Frameworks/AVFoundation.framework; sourceTree = SDKROOT; };
		A0BB39451CD4BAFC00AE0AFB /* CoreData.framework */ = {isa = PBXFileReference; lastKnownFileType = wrapper.framework; name = CoreData.framework; path = System/Library/Frameworks/CoreData.framework; sourceTree = SDKROOT; };
		A0BB39461CD4BAFC00AE0AFB /* CoreLocation.framework */ = {isa = PBXFileReference; lastKnownFileType = wrapper.framework; name = CoreLocation.framework; path = System/Library/Frameworks/CoreLocation.framework; sourceTree = SDKROOT; };
		A0BB39471CD4BAFC00AE0AFB /* CoreText.framework */ = {isa = PBXFileReference; lastKnownFileType = wrapper.framework; name = CoreText.framework; path = System/Library/Frameworks/CoreText.framework; sourceTree = SDKROOT; };
		A0BB39481CD4BAFC00AE0AFB /* GLKit.framework */ = {isa = PBXFileReference; lastKnownFileType = wrapper.framework; name = GLKit.framework; path = System/Library/Frameworks/GLKit.framework; sourceTree = SDKROOT; };
		A0BB39491CD4BAFC00AE0AFB /* ImageIO.framework */ = {isa = PBXFileReference; lastKnownFileType = wrapper.framework; name = ImageIO.framework; path = System/Library/Frameworks/ImageIO.framework; sourceTree = SDKROOT; };
		A0BB394A1CD4BAFC00AE0AFB /* libc++.dylib */ = {isa = PBXFileReference; lastKnownFileType = "compiled.mach-o.dylib"; name = "libc++.dylib"; path = "usr/lib/libc++.dylib"; sourceTree = SDKROOT; };
		A0BB394B1CD4BAFC00AE0AFB /* libz.dylib */ = {isa = PBXFileReference; lastKnownFileType = "compiled.mach-o.dylib"; name = libz.dylib; path = usr/lib/libz.dylib; sourceTree = SDKROOT; };
		A0BB394C1CD4BAFC00AE0AFB /* OpenGLES.framework */ = {isa = PBXFileReference; lastKnownFileType = wrapper.framework; name = OpenGLES.framework; path = System/Library/Frameworks/OpenGLES.framework; sourceTree = SDKROOT; };
		A0BB394D1CD4BAFC00AE0AFB /* QuartzCore.framework */ = {isa = PBXFileReference; lastKnownFileType = wrapper.framework; name = QuartzCore.framework; path = System/Library/Frameworks/QuartzCore.framework; sourceTree = SDKROOT; };
		A0BB394E1CD4BAFC00AE0AFB /* SystemConfiguration.framework */ = {isa = PBXFileReference; lastKnownFileType = wrapper.framework; name = SystemConfiguration.framework; path = System/Library/Frameworks/SystemConfiguration.framework; sourceTree = SDKROOT; };
		A0BB39591CD4BB0800AE0AFB /* libicucore.dylib */ = {isa = PBXFileReference; lastKnownFileType = "compiled.mach-o.dylib"; name = libicucore.dylib; path = usr/lib/libicucore.dylib; sourceTree = SDKROOT; };
		A0BB39601CD4BF7400AE0AFB /* Constants.swift */ = {isa = PBXFileReference; fileEncoding = 4; lastKnownFileType = sourcecode.swift; path = Constants.swift; sourceTree = "<group>"; };
		A0CDA6581CD3FE9500F18955 /* Utils.swift */ = {isa = PBXFileReference; fileEncoding = 4; lastKnownFileType = sourcecode.swift; path = Utils.swift; sourceTree = "<group>"; };
		A0CDA65A1CD3FE9500F18955 /* BaseViewController.swift */ = {isa = PBXFileReference; fileEncoding = 4; lastKnownFileType = sourcecode.swift; path = BaseViewController.swift; sourceTree = "<group>"; };
		A0CDA65B1CD3FE9500F18955 /* LoginViewController.swift */ = {isa = PBXFileReference; fileEncoding = 4; lastKnownFileType = sourcecode.swift; path = LoginViewController.swift; sourceTree = "<group>"; };
		A0CDA65C1CD3FE9500F18955 /* MapViewController.swift */ = {isa = PBXFileReference; fileEncoding = 4; lastKnownFileType = sourcecode.swift; path = MapViewController.swift; sourceTree = "<group>"; };
		A0CDA65D1CD3FE9500F18955 /* RegistrationViewController.swift */ = {isa = PBXFileReference; fileEncoding = 4; lastKnownFileType = sourcecode.swift; path = RegistrationViewController.swift; sourceTree = "<group>"; };
		A0CDA6681CD48A7900F18955 /* Boltifi-Bridging-Header.h */ = {isa = PBXFileReference; lastKnownFileType = sourcecode.c.h; path = "Boltifi-Bridging-Header.h"; sourceTree = "<group>"; };
/* End PBXFileReference section */

/* Begin PBXFrameworksBuildPhase section */
		A0A97BB61CD3DB32008420D4 /* Frameworks */ = {
			isa = PBXFrameworksBuildPhase;
			buildActionMask = 2147483647;
			files = (
				A0BB395B1CD4BC2F00AE0AFB /* GoogleMaps.bundle in Frameworks */,
				A0BB395A1CD4BB0800AE0AFB /* libicucore.dylib in Frameworks */,
				A0BB394F1CD4BAFC00AE0AFB /* CoreData.framework in Frameworks */,
				A0BB39501CD4BAFC00AE0AFB /* CoreLocation.framework in Frameworks */,
				A0BB39511CD4BAFC00AE0AFB /* CoreText.framework in Frameworks */,
				A0BB39521CD4BAFC00AE0AFB /* GLKit.framework in Frameworks */,
				A0BB39531CD4BAFC00AE0AFB /* ImageIO.framework in Frameworks */,
				A0BB39541CD4BAFC00AE0AFB /* libc++.dylib in Frameworks */,
				A0BB39551CD4BAFC00AE0AFB /* libz.dylib in Frameworks */,
				A0BB39561CD4BAFC00AE0AFB /* OpenGLES.framework in Frameworks */,
				A0BB39571CD4BAFC00AE0AFB /* QuartzCore.framework in Frameworks */,
				A0BB39581CD4BAFC00AE0AFB /* SystemConfiguration.framework in Frameworks */,
				A0BB39441CD4BA9600AE0AFB /* AVFoundation.framework in Frameworks */,
				A0BB39421CD4BA7F00AE0AFB /* GoogleMaps.framework in Frameworks */,
			);
			runOnlyForDeploymentPostprocessing = 0;
		};
/* End PBXFrameworksBuildPhase section */

/* Begin PBXGroup section */
		A0A97BB01CD3DB32008420D4 = {
			isa = PBXGroup;
			children = (
				A0A97BBB1CD3DB32008420D4 /* Boltifi */,
				A0A97BBA1CD3DB32008420D4 /* Products */,
			);
			sourceTree = "<group>";
		};
		A0A97BBA1CD3DB32008420D4 /* Products */ = {
			isa = PBXGroup;
			children = (
				A0A97BB91CD3DB32008420D4 /* Boltifi.app */,
			);
			name = Products;
			sourceTree = "<group>";
		};
		A0A97BBB1CD3DB32008420D4 /* Boltifi */ = {
			isa = PBXGroup;
			children = (
				A0BB395F1CD4BF7400AE0AFB /* Constants */,
				A0CDA6571CD3FE9500F18955 /* Utils */,
				A0CDA6591CD3FE9500F18955 /* ViewControllers */,
				A0A97BBE1CD3DB32008420D4 /* AppDelegate.swift */,
				A0A97BC21CD3DB32008420D4 /* Main.storyboard */,
				A0A97BC51CD3DB32008420D4 /* Images.xcassets */,
				A0A97BC71CD3DB32008420D4 /* LaunchScreen.xib */,
				A0A97BBC1CD3DB32008420D4 /* Supporting Files */,
				A0CDA6681CD48A7900F18955 /* Boltifi-Bridging-Header.h */,
			);
			path = Boltifi;
			sourceTree = "<group>";
		};
		A0A97BBC1CD3DB32008420D4 /* Supporting Files */ = {
			isa = PBXGroup;
			children = (
				A0B5EFDE1CD4C1E800AFDBF4 /* Frameworks */,
				A0A97BBD1CD3DB32008420D4 /* Info.plist */,
			);
			name = "Supporting Files";
			sourceTree = "<group>";
		};
		A0B5EFDE1CD4C1E800AFDBF4 /* Frameworks */ = {
			isa = PBXGroup;
			children = (
				A0BB39591CD4BB0800AE0AFB /* libicucore.dylib */,
				A0BB393F1CD4BA7F00AE0AFB /* GoogleMaps.bundle */,
				A0BB39401CD4BA7F00AE0AFB /* GoogleMaps.framework */,
				A0BB39451CD4BAFC00AE0AFB /* CoreData.framework */,
				A0BB39461CD4BAFC00AE0AFB /* CoreLocation.framework */,
				A0BB39471CD4BAFC00AE0AFB /* CoreText.framework */,
				A0BB39481CD4BAFC00AE0AFB /* GLKit.framework */,
				A0BB39491CD4BAFC00AE0AFB /* ImageIO.framework */,
				A0BB394A1CD4BAFC00AE0AFB /* libc++.dylib */,
				A0BB394B1CD4BAFC00AE0AFB /* libz.dylib */,
				A0BB394C1CD4BAFC00AE0AFB /* OpenGLES.framework */,
				A0BB394D1CD4BAFC00AE0AFB /* QuartzCore.framework */,
				A0BB394E1CD4BAFC00AE0AFB /* SystemConfiguration.framework */,
				A0BB39431CD4BA9600AE0AFB /* AVFoundation.framework */,
			);
			name = Frameworks;
			path = ..;
			sourceTree = "<group>";
		};
		A0BB395F1CD4BF7400AE0AFB /* Constants */ = {
			isa = PBXGroup;
			children = (
				A0BB39601CD4BF7400AE0AFB /* Constants.swift */,
			);
			path = Constants;
			sourceTree = "<group>";
		};
		A0CDA6571CD3FE9500F18955 /* Utils */ = {
			isa = PBXGroup;
			children = (
				A0CDA6581CD3FE9500F18955 /* Utils.swift */,
			);
			path = Utils;
			sourceTree = "<group>";
		};
		A0CDA6591CD3FE9500F18955 /* ViewControllers */ = {
			isa = PBXGroup;
			children = (
				A0CDA65A1CD3FE9500F18955 /* BaseViewController.swift */,
				A0CDA65B1CD3FE9500F18955 /* LoginViewController.swift */,
				A0CDA65C1CD3FE9500F18955 /* MapViewController.swift */,
				A0CDA65D1CD3FE9500F18955 /* RegistrationViewController.swift */,
				A0B68EAE1CD557C8005CECE7 /* TripConfirmationViewController.swift */,
				A0B68EAC1CD55352005CECE7 /* FareEstimateViewController.swift */,
			);
			path = ViewControllers;
			sourceTree = "<group>";
		};
/* End PBXGroup section */

/* Begin PBXNativeTarget section */
		A0A97BB81CD3DB32008420D4 /* Boltifi */ = {
			isa = PBXNativeTarget;
			buildConfigurationList = A0A97BD81CD3DB32008420D4 /* Build configuration list for PBXNativeTarget "Boltifi" */;
			buildPhases = (
				A0A97BB51CD3DB32008420D4 /* Sources */,
				A0A97BB61CD3DB32008420D4 /* Frameworks */,
				A0A97BB71CD3DB32008420D4 /* Resources */,
			);
			buildRules = (
			);
			dependencies = (
			);
			name = Boltifi;
			productName = Boltifi;
			productReference = A0A97BB91CD3DB32008420D4 /* Boltifi.app */;
			productType = "com.apple.product-type.application";
		};
/* End PBXNativeTarget section */

/* Begin PBXProject section */
		A0A97BB11CD3DB32008420D4 /* Project object */ = {
			isa = PBXProject;
			attributes = {
				LastSwiftMigration = 0720;
				LastSwiftUpdateCheck = 0720;
				LastUpgradeCheck = 0630;
				ORGANIZATIONNAME = Boltifi;
				TargetAttributes = {
					A0A97BB81CD3DB32008420D4 = {
						CreatedOnToolsVersion = 6.3;
					};
				};
			};
			buildConfigurationList = A0A97BB41CD3DB32008420D4 /* Build configuration list for PBXProject "Boltifi" */;
			compatibilityVersion = "Xcode 3.2";
			developmentRegion = English;
			hasScannedForEncodings = 0;
			knownRegions = (
				en,
				Base,
			);
			mainGroup = A0A97BB01CD3DB32008420D4;
			productRefGroup = A0A97BBA1CD3DB32008420D4 /* Products */;
			projectDirPath = "";
			projectRoot = "";
			targets = (
				A0A97BB81CD3DB32008420D4 /* Boltifi */,
			);
		};
/* End PBXProject section */

/* Begin PBXResourcesBuildPhase section */
		A0A97BB71CD3DB32008420D4 /* Resources */ = {
			isa = PBXResourcesBuildPhase;
			buildActionMask = 2147483647;
			files = (
				A0A97BC41CD3DB32008420D4 /* Main.storyboard in Resources */,
				A0A97BC91CD3DB32008420D4 /* LaunchScreen.xib in Resources */,
				A0A97BC61CD3DB32008420D4 /* Images.xcassets in Resources */,
				A0BB39411CD4BA7F00AE0AFB /* GoogleMaps.bundle in Resources */,
			);
			runOnlyForDeploymentPostprocessing = 0;
		};
/* End PBXResourcesBuildPhase section */

/* Begin PBXSourcesBuildPhase section */
		A0A97BB51CD3DB32008420D4 /* Sources */ = {
			isa = PBXSourcesBuildPhase;
			buildActionMask = 2147483647;
			files = (
				A0B68EAD1CD55352005CECE7 /* FareEstimateViewController.swift in Sources */,
				A0BB395C1CD4BC3F00AE0AFB /* GoogleMaps.bundle in Sources */,
				A0B68EAF1CD557C8005CECE7 /* TripConfirmationViewController.swift in Sources */,
				A0CDA6661CD3FE9500F18955 /* RegistrationViewController.swift in Sources */,
				A0CDA6621CD3FE9500F18955 /* LoginViewController.swift in Sources */,
				A0A97BBF1CD3DB32008420D4 /* AppDelegate.swift in Sources */,
				A0CDA65E1CD3FE9500F18955 /* Utils.swift in Sources */,
				A0CDA6641CD3FE9500F18955 /* MapViewController.swift in Sources */,
				A0CDA6601CD3FE9500F18955 /* BaseViewController.swift in Sources */,
				A0BB39611CD4BF7400AE0AFB /* Constants.swift in Sources */,
			);
			runOnlyForDeploymentPostprocessing = 0;
		};
/* End PBXSourcesBuildPhase section */

/* Begin PBXVariantGroup section */
		A0A97BC21CD3DB32008420D4 /* Main.storyboard */ = {
			isa = PBXVariantGroup;
			children = (
				A0A97BC31CD3DB32008420D4 /* Base */,
			);
			name = Main.storyboard;
			sourceTree = "<group>";
		};
		A0A97BC71CD3DB32008420D4 /* LaunchScreen.xib */ = {
			isa = PBXVariantGroup;
			children = (
				A0A97BC81CD3DB32008420D4 /* Base */,
			);
			name = LaunchScreen.xib;
			sourceTree = "<group>";
		};
/* End PBXVariantGroup section */

/* Begin XCBuildConfiguration section */
		A0A97BD61CD3DB32008420D4 /* Debug */ = {
			isa = XCBuildConfiguration;
			buildSettings = {
				ALWAYS_SEARCH_USER_PATHS = NO;
				CLANG_CXX_LANGUAGE_STANDARD = "gnu++0x";
				CLANG_CXX_LIBRARY = "libc++";
				CLANG_ENABLE_MODULES = YES;
				CLANG_ENABLE_OBJC_ARC = YES;
				CLANG_WARN_BOOL_CONVERSION = YES;
				CLANG_WARN_CONSTANT_CONVERSION = YES;
				CLANG_WARN_DIRECT_OBJC_ISA_USAGE = YES_ERROR;
				CLANG_WARN_EMPTY_BODY = YES;
				CLANG_WARN_ENUM_CONVERSION = YES;
				CLANG_WARN_INT_CONVERSION = YES;
				CLANG_WARN_OBJC_ROOT_CLASS = YES_ERROR;
				CLANG_WARN_UNREACHABLE_CODE = YES;
				CLANG_WARN__DUPLICATE_METHOD_MATCH = YES;
				"CODE_SIGN_IDENTITY[sdk=iphoneos*]" = "iPhone Developer";
				COPY_PHASE_STRIP = NO;
				DEBUG_INFORMATION_FORMAT = "dwarf-with-dsym";
				ENABLE_STRICT_OBJC_MSGSEND = YES;
				GCC_C_LANGUAGE_STANDARD = gnu99;
				GCC_DYNAMIC_NO_PIC = NO;
				GCC_NO_COMMON_BLOCKS = YES;
				GCC_OPTIMIZATION_LEVEL = 0;
				GCC_PREPROCESSOR_DEFINITIONS = (
					"DEBUG=1",
					"$(inherited)",
				);
				GCC_SYMBOLS_PRIVATE_EXTERN = NO;
				GCC_WARN_64_TO_32_BIT_CONVERSION = YES;
				GCC_WARN_ABOUT_RETURN_TYPE = YES_ERROR;
				GCC_WARN_UNDECLARED_SELECTOR = YES;
				GCC_WARN_UNINITIALIZED_AUTOS = YES_AGGRESSIVE;
				GCC_WARN_UNUSED_FUNCTION = YES;
				GCC_WARN_UNUSED_VARIABLE = YES;
				IPHONEOS_DEPLOYMENT_TARGET = 8.3;
				MTL_ENABLE_DEBUG_INFO = YES;
				ONLY_ACTIVE_ARCH = YES;
				SDKROOT = iphoneos;
				SWIFT_OPTIMIZATION_LEVEL = "-Onone";
			};
			name = Debug;
		};
		A0A97BD71CD3DB32008420D4 /* Release */ = {
			isa = XCBuildConfiguration;
			buildSettings = {
				ALWAYS_SEARCH_USER_PATHS = NO;
				CLANG_CXX_LANGUAGE_STANDARD = "gnu++0x";
				CLANG_CXX_LIBRARY = "libc++";
				CLANG_ENABLE_MODULES = YES;
				CLANG_ENABLE_OBJC_ARC = YES;
				CLANG_WARN_BOOL_CONVERSION = YES;
				CLANG_WARN_CONSTANT_CONVERSION = YES;
				CLANG_WARN_DIRECT_OBJC_ISA_USAGE = YES_ERROR;
				CLANG_WARN_EMPTY_BODY = YES;
				CLANG_WARN_ENUM_CONVERSION = YES;
				CLANG_WARN_INT_CONVERSION = YES;
				CLANG_WARN_OBJC_ROOT_CLASS = YES_ERROR;
				CLANG_WARN_UNREACHABLE_CODE = YES;
				CLANG_WARN__DUPLICATE_METHOD_MATCH = YES;
				"CODE_SIGN_IDENTITY[sdk=iphoneos*]" = "iPhone Developer";
				COPY_PHASE_STRIP = NO;
				DEBUG_INFORMATION_FORMAT = "dwarf-with-dsym";
				ENABLE_NS_ASSERTIONS = NO;
				ENABLE_STRICT_OBJC_MSGSEND = YES;
				GCC_C_LANGUAGE_STANDARD = gnu99;
				GCC_NO_COMMON_BLOCKS = YES;
				GCC_WARN_64_TO_32_BIT_CONVERSION = YES;
				GCC_WARN_ABOUT_RETURN_TYPE = YES_ERROR;
				GCC_WARN_UNDECLARED_SELECTOR = YES;
				GCC_WARN_UNINITIALIZED_AUTOS = YES_AGGRESSIVE;
				GCC_WARN_UNUSED_FUNCTION = YES;
				GCC_WARN_UNUSED_VARIABLE = YES;
				IPHONEOS_DEPLOYMENT_TARGET = 8.3;
				MTL_ENABLE_DEBUG_INFO = NO;
				SDKROOT = iphoneos;
				VALIDATE_PRODUCT = YES;
			};
			name = Release;
		};
		A0A97BD91CD3DB32008420D4 /* Debug */ = {
			isa = XCBuildConfiguration;
			buildSettings = {
				ASSETCATALOG_COMPILER_APPICON_NAME = AppIcon;
				FRAMEWORK_SEARCH_PATHS = (
					"$(inherited)",
					"$(PROJECT_DIR)/Boltifi",
				);
				INFOPLIST_FILE = Boltifi/Info.plist;
				LD_RUNPATH_SEARCH_PATHS = "$(inherited) @executable_path/Frameworks";
				OTHER_LDFLAGS = "-ObjC";
				PRODUCT_NAME = "$(TARGET_NAME)";
				SWIFT_OBJC_BRIDGING_HEADER = "/Users/sravan/Documents/iOSWorkspace/Boltifi App/30042016 1530/Boltifi/Boltifi/Boltifi/Boltifi-Bridging-Header.h";
			};
			name = Debug;
		};
		A0A97BDA1CD3DB32008420D4 /* Release */ = {
			isa = XCBuildConfiguration;
			buildSettings = {
				ASSETCATALOG_COMPILER_APPICON_NAME = AppIcon;
				FRAMEWORK_SEARCH_PATHS = (
					"$(inherited)",
					"$(PROJECT_DIR)/Boltifi",
				);
				INFOPLIST_FILE = Boltifi/Info.plist;
				LD_RUNPATH_SEARCH_PATHS = "$(inherited) @executable_path/Frameworks";
				OTHER_LDFLAGS = "-ObjC";
				PRODUCT_NAME = "$(TARGET_NAME)";
				SWIFT_OBJC_BRIDGING_HEADER = "/Users/sravan/Documents/iOSWorkspace/Boltifi App/30042016 1530/Boltifi/Boltifi/Boltifi/Boltifi-Bridging-Header.h";
			};
			name = Release;
		};
/* End XCBuildConfiguration section */

/* Begin XCConfigurationList section */
		A0A97BB41CD3DB32008420D4 /* Build configuration list for PBXProject "Boltifi" */ = {
			isa = XCConfigurationList;
			buildConfigurations = (
				A0A97BD61CD3DB32008420D4 /* Debug */,
				A0A97BD71CD3DB32008420D4 /* Release */,
			);
			defaultConfigurationIsVisible = 0;
			defaultConfigurationName = Release;
		};
		A0A97BD81CD3DB32008420D4 /* Build configuration list for PBXNativeTarget "Boltifi" */ = {
			isa = XCConfigurationList;
			buildConfigurations = (
				A0A97BD91CD3DB32008420D4 /* Debug */,
				A0A97BDA1CD3DB32008420D4 /* Release */,
			);
			defaultConfigurationIsVisible = 0;
			defaultConfigurationName = Release;
		};
/* End XCConfigurationList section */
	};
	rootObject = A0A97BB11CD3DB32008420D4 /* Project object */;
}
