// !$*UTF8*$!
{
	archiveVersion = 1;
	classes = {
	};
	objectVersion = 46;
	objects = {

/* Begin PBXBuildFile section */
		20397461BB391828AC9DADBA /* Pods_Boltifi.framework in Frameworks */ = {isa = PBXBuildFile; fileRef = B579D2274C8B3B6A105889AC /* Pods_Boltifi.framework */; };
		A044680D1CD7CB96000C5A67 /* CPStylist.swift in Sources */ = {isa = PBXBuildFile; fileRef = A044680C1CD7CB96000C5A67 /* CPStylist.swift */; };
		A04468101CD7CD0F000C5A67 /* UIColorExtension.swift in Sources */ = {isa = PBXBuildFile; fileRef = A044680F1CD7CD0F000C5A67 /* UIColorExtension.swift */; };
		A09651871CDD94FD00E66DD2 /* CreditCardViewController.swift in Sources */ = {isa = PBXBuildFile; fileRef = A09651861CDD94FD00E66DD2 /* CreditCardViewController.swift */; };
		A0A97BBF1CD3DB32008420D4 /* AppDelegate.swift in Sources */ = {isa = PBXBuildFile; fileRef = A0A97BBE1CD3DB32008420D4 /* AppDelegate.swift */; };
		A0A97BC41CD3DB32008420D4 /* Main.storyboard in Resources */ = {isa = PBXBuildFile; fileRef = A0A97BC21CD3DB32008420D4 /* Main.storyboard */; };
		A0A97BC91CD3DB32008420D4 /* LaunchScreen.xib in Resources */ = {isa = PBXBuildFile; fileRef = A0A97BC71CD3DB32008420D4 /* LaunchScreen.xib */; };
		A0B68EAD1CD55352005CECE7 /* FareEstimateViewController.swift in Sources */ = {isa = PBXBuildFile; fileRef = A0B68EAC1CD55352005CECE7 /* FareEstimateViewController.swift */; };
		A0B68EAF1CD557C8005CECE7 /* TripConfirmationViewController.swift in Sources */ = {isa = PBXBuildFile; fileRef = A0B68EAE1CD557C8005CECE7 /* TripConfirmationViewController.swift */; };
		A0BB39411CD4BA7F00AE0AFB /* GoogleMaps.bundle in Resources */ = {isa = PBXBuildFile; fileRef = A0BB393F1CD4BA7F00AE0AFB /* GoogleMaps.bundle */; };
		A0BB39421CD4BA7F00AE0AFB /* GoogleMaps.framework in Frameworks */ = {isa = PBXBuildFile; fileRef = A0BB39401CD4BA7F00AE0AFB /* GoogleMaps.framework */; };
		A0BB39441CD4BA9600AE0AFB /* AVFoundation.framework in Frameworks */ = {isa = PBXBuildFile; fileRef = A0BB39431CD4BA9600AE0AFB /* AVFoundation.framework */; };
		A0BB394F1CD4BAFC00AE0AFB /* CoreData.framework in Frameworks */ = {isa = PBXBuildFile; fileRef = A0BB39451CD4BAFC00AE0AFB /* CoreData.framework */; };
		A0BB39501CD4BAFC00AE0AFB /* CoreLocation.framework in Frameworks */ = {isa = PBXBuildFile; fileRef = A0BB39461CD4BAFC00AE0AFB /* CoreLocation.framework */; };
		A0BB39511CD4BAFC00AE0AFB /* CoreText.framework in Frameworks */ = {isa = PBXBuildFile; fileRef = A0BB39471CD4BAFC00AE0AFB /* CoreText.framework */; };
		A0BB39521CD4BAFC00AE0AFB /* GLKit.framework in Frameworks */ = {isa = PBXBuildFile; fileRef = A0BB39481CD4BAFC00AE0AFB /* GLKit.framework */; };
		A0BB39531CD4BAFC00AE0AFB /* ImageIO.framework in Frameworks */ = {isa = PBXBuildFile; fileRef = A0BB39491CD4BAFC00AE0AFB /* ImageIO.framework */; };
		A0BB39541CD4BAFC00AE0AFB /* libc++.dylib in Frameworks */ = {isa = PBXBuildFile; fileRef = A0BB394A1CD4BAFC00AE0AFB /* libc++.dylib */; };
		A0BB39551CD4BAFC00AE0AFB /* libz.dylib in Frameworks */ = {isa = PBXBuildFile; fileRef = A0BB394B1CD4BAFC00AE0AFB /* libz.dylib */; };
		A0BB39561CD4BAFC00AE0AFB /* OpenGLES.framework in Frameworks */ = {isa = PBXBuildFile; fileRef = A0BB394C1CD4BAFC00AE0AFB /* OpenGLES.framework */; };
		A0BB39571CD4BAFC00AE0AFB /* QuartzCore.framework in Frameworks */ = {isa = PBXBuildFile; fileRef = A0BB394D1CD4BAFC00AE0AFB /* QuartzCore.framework */; };
		A0BB39581CD4BAFC00AE0AFB /* SystemConfiguration.framework in Frameworks */ = {isa = PBXBuildFile; fileRef = A0BB394E1CD4BAFC00AE0AFB /* SystemConfiguration.framework */; };
		A0BB395A1CD4BB0800AE0AFB /* libicucore.dylib in Frameworks */ = {isa = PBXBuildFile; fileRef = A0BB39591CD4BB0800AE0AFB /* libicucore.dylib */; };
		A0BB395B1CD4BC2F00AE0AFB /* GoogleMaps.bundle in Frameworks */ = {isa = PBXBuildFile; fileRef = A0BB393F1CD4BA7F00AE0AFB /* GoogleMaps.bundle */; };
		A0BB395C1CD4BC3F00AE0AFB /* GoogleMaps.bundle in Sources */ = {isa = PBXBuildFile; fileRef = A0BB393F1CD4BA7F00AE0AFB /* GoogleMaps.bundle */; };
		A0BB39611CD4BF7400AE0AFB /* Constants.swift in Sources */ = {isa = PBXBuildFile; fileRef = A0BB39601CD4BF7400AE0AFB /* Constants.swift */; };
		A0C029CD1CF4D14800E7A41F /* HTTPHelper.swift in Sources */ = {isa = PBXBuildFile; fileRef = A0C029CC1CF4D14800E7A41F /* HTTPHelper.swift */; };
		A0C034661CDCFD040017E108 /* GlobalMenuTableViewController.swift in Sources */ = {isa = PBXBuildFile; fileRef = A0C034651CDCFD040017E108 /* GlobalMenuTableViewController.swift */; };
		A0C034681CDD03EF0017E108 /* GlobalMenuCustomCell.swift in Sources */ = {isa = PBXBuildFile; fileRef = A0C034671CDD03EF0017E108 /* GlobalMenuCustomCell.swift */; };
		A0C0346C1CDD29CE0017E108 /* Images.xcassets in Resources */ = {isa = PBXBuildFile; fileRef = A0C0346B1CDD29CE0017E108 /* Images.xcassets */; };
		A0C0346E1CDD2FB50017E108 /* SeeHowItWorksViewController.swift in Sources */ = {isa = PBXBuildFile; fileRef = A0C0346D1CDD2FB50017E108 /* SeeHowItWorksViewController.swift */; };
		A0C034701CDD2FEC0017E108 /* ContactUsViewController.swift in Sources */ = {isa = PBXBuildFile; fileRef = A0C0346F1CDD2FEC0017E108 /* ContactUsViewController.swift */; };
		A0CDA65E1CD3FE9500F18955 /* Utils.swift in Sources */ = {isa = PBXBuildFile; fileRef = A0CDA6581CD3FE9500F18955 /* Utils.swift */; };
		A0CDA6601CD3FE9500F18955 /* BaseViewController.swift in Sources */ = {isa = PBXBuildFile; fileRef = A0CDA65A1CD3FE9500F18955 /* BaseViewController.swift */; };
		A0CDA6621CD3FE9500F18955 /* LoginViewController.swift in Sources */ = {isa = PBXBuildFile; fileRef = A0CDA65B1CD3FE9500F18955 /* LoginViewController.swift */; };
		A0CDA6641CD3FE9500F18955 /* HomeViewController.swift in Sources */ = {isa = PBXBuildFile; fileRef = A0CDA65C1CD3FE9500F18955 /* HomeViewController.swift */; };
		A0CDA6661CD3FE9500F18955 /* RegistrationViewController.swift in Sources */ = {isa = PBXBuildFile; fileRef = A0CDA65D1CD3FE9500F18955 /* RegistrationViewController.swift */; };
		A0DAA8B31CF390F100D1C615 /* WebServiceManager.swift in Sources */ = {isa = PBXBuildFile; fileRef = A0DAA8B21CF390F100D1C615 /* WebServiceManager.swift */; };
		A0E4D0041CDBD85600081F0F /* SWRevealViewController.m in Sources */ = {isa = PBXBuildFile; fileRef = A0E4D0031CDBD85600081F0F /* SWRevealViewController.m */; };
		A0FCD1DC1CD7F2A2004C5905 /* AboutViewController.swift in Sources */ = {isa = PBXBuildFile; fileRef = A0FCD1DB1CD7F2A2004C5905 /* AboutViewController.swift */; };
/* End PBXBuildFile section */

/* Begin PBXFileReference section */
		A044680C1CD7CB96000C5A67 /* CPStylist.swift */ = {isa = PBXFileReference; fileEncoding = 4; lastKnownFileType = sourcecode.swift; path = CPStylist.swift; sourceTree = "<group>"; };
		A044680F1CD7CD0F000C5A67 /* UIColorExtension.swift */ = {isa = PBXFileReference; fileEncoding = 4; lastKnownFileType = sourcecode.swift; path = UIColorExtension.swift; sourceTree = "<group>"; };
		A09651861CDD94FD00E66DD2 /* CreditCardViewController.swift */ = {isa = PBXFileReference; fileEncoding = 4; lastKnownFileType = sourcecode.swift; path = CreditCardViewController.swift; sourceTree = "<group>"; };
		A0A97BB91CD3DB32008420D4 /* Boltifi.app */ = {isa = PBXFileReference; explicitFileType = wrapper.application; includeInIndex = 0; path = Boltifi.app; sourceTree = BUILT_PRODUCTS_DIR; };
		A0A97BBD1CD3DB32008420D4 /* Info.plist */ = {isa = PBXFileReference; lastKnownFileType = text.plist.xml; path = Info.plist; sourceTree = "<group>"; };
		A0A97BBE1CD3DB32008420D4 /* AppDelegate.swift */ = {isa = PBXFileReference; lastKnownFileType = sourcecode.swift; path = AppDelegate.swift; sourceTree = "<group>"; };
		A0A97BC31CD3DB32008420D4 /* Base */ = {isa = PBXFileReference; lastKnownFileType = file.storyboard; name = Base; path = Base.lproj/Main.storyboard; sourceTree = "<group>"; };
		A0A97BC81CD3DB32008420D4 /* Base */ = {isa = PBXFileReference; lastKnownFileType = file.xib; name = Base; path = Base.lproj/LaunchScreen.xib; sourceTree = "<group>"; };
		A0B68EAC1CD55352005CECE7 /* FareEstimateViewController.swift */ = {isa = PBXFileReference; fileEncoding = 4; lastKnownFileType = sourcecode.swift; path = FareEstimateViewController.swift; sourceTree = "<group>"; };
		A0B68EAE1CD557C8005CECE7 /* TripConfirmationViewController.swift */ = {isa = PBXFileReference; fileEncoding = 4; lastKnownFileType = sourcecode.swift; path = TripConfirmationViewController.swift; sourceTree = "<group>"; };
		A0BB393F1CD4BA7F00AE0AFB /* GoogleMaps.bundle */ = {isa = PBXFileReference; lastKnownFileType = "wrapper.plug-in"; name = GoogleMaps.bundle; path = Boltifi/GoogleMaps.bundle; sourceTree = "<group>"; };
		A0BB39401CD4BA7F00AE0AFB /* GoogleMaps.framework */ = {isa = PBXFileReference; lastKnownFileType = wrapper.framework; name = GoogleMaps.framework; path = Boltifi/GoogleMaps.framework; sourceTree = "<group>"; };
		A0BB39431CD4BA9600AE0AFB /* AVFoundation.framework */ = {isa = PBXFileReference; lastKnownFileType = wrapper.framework; name = AVFoundation.framework; path = System/Library/Frameworks/AVFoundation.framework; sourceTree = SDKROOT; };
		A0BB39451CD4BAFC00AE0AFB /* CoreData.framework */ = {isa = PBXFileReference; lastKnownFileType = wrapper.framework; name = CoreData.framework; path = System/Library/Frameworks/CoreData.framework; sourceTree = SDKROOT; };
		A0BB39461CD4BAFC00AE0AFB /* CoreLocation.framework */ = {isa = PBXFileReference; lastKnownFileType = wrapper.framework; name = CoreLocation.framework; path = System/Library/Frameworks/CoreLocation.framework; sourceTree = SDKROOT; };
		A0BB39471CD4BAFC00AE0AFB /* CoreText.framework */ = {isa = PBXFileReference; lastKnownFileType = wrapper.framework; name = CoreText.framework; path = System/Library/Frameworks/CoreText.framework; sourceTree = SDKROOT; };
		A0BB39481CD4BAFC00AE0AFB /* GLKit.framework */ = {isa = PBXFileReference; lastKnownFileType = wrapper.framework; name = GLKit.framework; path = System/Library/Frameworks/GLKit.framework; sourceTree = SDKROOT; };
		A0BB39491CD4BAFC00AE0AFB /* ImageIO.framework */ = {isa = PBXFileReference; lastKnownFileType = wrapper.framework; name = ImageIO.framework; path = System/Library/Frameworks/ImageIO.framework; sourceTree = SDKROOT; };
		A0BB394A1CD4BAFC00AE0AFB /* libc++.dylib */ = {isa = PBXFileReference; lastKnownFileType = "compiled.mach-o.dylib"; name = "libc++.dylib"; path = "usr/lib/libc++.dylib"; sourceTree = SDKROOT; };
		A0BB394B1CD4BAFC00AE0AFB /* libz.dylib */ = {isa = PBXFileReference; lastKnownFileType = "compiled.mach-o.dylib"; name = libz.dylib; path = usr/lib/libz.dylib; sourceTree = SDKROOT; };
		A0BB394C1CD4BAFC00AE0AFB /* OpenGLES.framework */ = {isa = PBXFileReference; lastKnownFileType = wrapper.framework; name = OpenGLES.framework; path = System/Library/Frameworks/OpenGLES.framework; sourceTree = SDKROOT; };
		A0BB394D1CD4BAFC00AE0AFB /* QuartzCore.framework */ = {isa = PBXFileReference; lastKnownFileType = wrapper.framework; name = QuartzCore.framework; path = System/Library/Frameworks/QuartzCore.framework; sourceTree = SDKROOT; };
		A0BB394E1CD4BAFC00AE0AFB /* SystemConfiguration.framework */ = {isa = PBXFileReference; lastKnownFileType = wrapper.framework; name = SystemConfiguration.framework; path = System/Library/Frameworks/SystemConfiguration.framework; sourceTree = SDKROOT; };
		A0BB39591CD4BB0800AE0AFB /* libicucore.dylib */ = {isa = PBXFileReference; lastKnownFileType = "compiled.mach-o.dylib"; name = libicucore.dylib; path = usr/lib/libicucore.dylib; sourceTree = SDKROOT; };
		A0BB39601CD4BF7400AE0AFB /* Constants.swift */ = {isa = PBXFileReference; fileEncoding = 4; lastKnownFileType = sourcecode.swift; path = Constants.swift; sourceTree = "<group>"; };
		A0C029CC1CF4D14800E7A41F /* HTTPHelper.swift */ = {isa = PBXFileReference; fileEncoding = 4; lastKnownFileType = sourcecode.swift; path = HTTPHelper.swift; sourceTree = "<group>"; };
		A0C034651CDCFD040017E108 /* GlobalMenuTableViewController.swift */ = {isa = PBXFileReference; fileEncoding = 4; lastKnownFileType = sourcecode.swift; path = GlobalMenuTableViewController.swift; sourceTree = "<group>"; };
		A0C034671CDD03EF0017E108 /* GlobalMenuCustomCell.swift */ = {isa = PBXFileReference; fileEncoding = 4; lastKnownFileType = sourcecode.swift; path = GlobalMenuCustomCell.swift; sourceTree = "<group>"; };
		A0C0346B1CDD29CE0017E108 /* Images.xcassets */ = {isa = PBXFileReference; lastKnownFileType = folder.assetcatalog; path = Images.xcassets; sourceTree = "<group>"; };
		A0C0346D1CDD2FB50017E108 /* SeeHowItWorksViewController.swift */ = {isa = PBXFileReference; fileEncoding = 4; lastKnownFileType = sourcecode.swift; path = SeeHowItWorksViewController.swift; sourceTree = "<group>"; };
		A0C0346F1CDD2FEC0017E108 /* ContactUsViewController.swift */ = {isa = PBXFileReference; fileEncoding = 4; lastKnownFileType = sourcecode.swift; path = ContactUsViewController.swift; sourceTree = "<group>"; };
		A0CDA6581CD3FE9500F18955 /* Utils.swift */ = {isa = PBXFileReference; fileEncoding = 4; lastKnownFileType = sourcecode.swift; path = Utils.swift; sourceTree = "<group>"; };
		A0CDA65A1CD3FE9500F18955 /* BaseViewController.swift */ = {isa = PBXFileReference; fileEncoding = 4; lastKnownFileType = sourcecode.swift; path = BaseViewController.swift; sourceTree = "<group>"; };
		A0CDA65B1CD3FE9500F18955 /* LoginViewController.swift */ = {isa = PBXFileReference; fileEncoding = 4; lastKnownFileType = sourcecode.swift; path = LoginViewController.swift; sourceTree = "<group>"; };
		A0CDA65C1CD3FE9500F18955 /* HomeViewController.swift */ = {isa = PBXFileReference; fileEncoding = 4; lastKnownFileType = sourcecode.swift; path = HomeViewController.swift; sourceTree = "<group>"; };
		A0CDA65D1CD3FE9500F18955 /* RegistrationViewController.swift */ = {isa = PBXFileReference; fileEncoding = 4; lastKnownFileType = sourcecode.swift; path = RegistrationViewController.swift; sourceTree = "<group>"; };
		A0CDA6681CD48A7900F18955 /* Boltifi-Bridging-Header.h */ = {isa = PBXFileReference; lastKnownFileType = sourcecode.c.h; path = "Boltifi-Bridging-Header.h"; sourceTree = "<group>"; };
		A0DAA8B21CF390F100D1C615 /* WebServiceManager.swift */ = {isa = PBXFileReference; fileEncoding = 4; lastKnownFileType = sourcecode.swift; path = WebServiceManager.swift; sourceTree = "<group>"; };
		A0E4D0021CDBD85600081F0F /* SWRevealViewController.h */ = {isa = PBXFileReference; fileEncoding = 4; lastKnownFileType = sourcecode.c.h; path = SWRevealViewController.h; sourceTree = "<group>"; };
		A0E4D0031CDBD85600081F0F /* SWRevealViewController.m */ = {isa = PBXFileReference; fileEncoding = 4; lastKnownFileType = sourcecode.c.objc; path = SWRevealViewController.m; sourceTree = "<group>"; };
		A0FCD1DB1CD7F2A2004C5905 /* AboutViewController.swift */ = {isa = PBXFileReference; fileEncoding = 4; lastKnownFileType = sourcecode.swift; path = AboutViewController.swift; sourceTree = "<group>"; };
		B4EC0858DEA1BF6752A2A6A9 /* Pods-Boltifi.debug.xcconfig */ = {isa = PBXFileReference; includeInIndex = 1; lastKnownFileType = text.xcconfig; name = "Pods-Boltifi.debug.xcconfig"; path = "Pods/Target Support Files/Pods-Boltifi/Pods-Boltifi.debug.xcconfig"; sourceTree = "<group>"; };
		B579D2274C8B3B6A105889AC /* Pods_Boltifi.framework */ = {isa = PBXFileReference; explicitFileType = wrapper.framework; includeInIndex = 0; path = Pods_Boltifi.framework; sourceTree = BUILT_PRODUCTS_DIR; };
		EC407AC846DC25696D29CB19 /* Pods-Boltifi.release.xcconfig */ = {isa = PBXFileReference; includeInIndex = 1; lastKnownFileType = text.xcconfig; name = "Pods-Boltifi.release.xcconfig"; path = "Pods/Target Support Files/Pods-Boltifi/Pods-Boltifi.release.xcconfig"; sourceTree = "<group>"; };
/* End PBXFileReference section */

/* Begin PBXFrameworksBuildPhase section */
		A0A97BB61CD3DB32008420D4 /* Frameworks */ = {
			isa = PBXFrameworksBuildPhase;
			buildActionMask = 2147483647;
			files = (
				A0BB395B1CD4BC2F00AE0AFB /* GoogleMaps.bundle in Frameworks */,
				A0BB395A1CD4BB0800AE0AFB /* libicucore.dylib in Frameworks */,
				A0BB394F1CD4BAFC00AE0AFB /* CoreData.framework in Frameworks */,
				A0BB39501CD4BAFC00AE0AFB /* CoreLocation.framework in Frameworks */,
				A0BB39511CD4BAFC00AE0AFB /* CoreText.framework in Frameworks */,
				A0BB39521CD4BAFC00AE0AFB /* GLKit.framework in Frameworks */,
				A0BB39531CD4BAFC00AE0AFB /* ImageIO.framework in Frameworks */,
				A0BB39541CD4BAFC00AE0AFB /* libc++.dylib in Frameworks */,
				A0BB39551CD4BAFC00AE0AFB /* libz.dylib in Frameworks */,
				A0BB39561CD4BAFC00AE0AFB /* OpenGLES.framework in Frameworks */,
				A0BB39571CD4BAFC00AE0AFB /* QuartzCore.framework in Frameworks */,
				A0BB39581CD4BAFC00AE0AFB /* SystemConfiguration.framework in Frameworks */,
				A0BB39441CD4BA9600AE0AFB /* AVFoundation.framework in Frameworks */,
				A0BB39421CD4BA7F00AE0AFB /* GoogleMaps.framework in Frameworks */,
				20397461BB391828AC9DADBA /* Pods_Boltifi.framework in Frameworks */,
			);
			runOnlyForDeploymentPostprocessing = 0;
		};
/* End PBXFrameworksBuildPhase section */

/* Begin PBXGroup section */
		377C7EF00061B83E1C2E2A36 /* Pods */ = {
			isa = PBXGroup;
			children = (
				B4EC0858DEA1BF6752A2A6A9 /* Pods-Boltifi.debug.xcconfig */,
				EC407AC846DC25696D29CB19 /* Pods-Boltifi.release.xcconfig */,
			);
			name = Pods;
			sourceTree = "<group>";
		};
		A044680E1CD7CCFD000C5A67 /* Extensions */ = {
			isa = PBXGroup;
			children = (
				A044680F1CD7CD0F000C5A67 /* UIColorExtension.swift */,
			);
			path = Extensions;
			sourceTree = "<group>";
		};
		A0A97BB01CD3DB32008420D4 = {
			isa = PBXGroup;
			children = (
				A0A97BBB1CD3DB32008420D4 /* Boltifi */,
				A0A97BBA1CD3DB32008420D4 /* Products */,
				377C7EF00061B83E1C2E2A36 /* Pods */,
				F8E88FF7E88DFA8BB63ECC75 /* Frameworks */,
			);
			sourceTree = "<group>";
		};
		A0A97BBA1CD3DB32008420D4 /* Products */ = {
			isa = PBXGroup;
			children = (
				A0A97BB91CD3DB32008420D4 /* Boltifi.app */,
			);
			name = Products;
			sourceTree = "<group>";
		};
		A0A97BBB1CD3DB32008420D4 /* Boltifi */ = {
			isa = PBXGroup;
			children = (
				A0DAA8B11CF390DC00D1C615 /* WebServices */,
				A0E4D0011CDBD85600081F0F /* SWRevealViewController */,
				A044680E1CD7CCFD000C5A67 /* Extensions */,
				A0BB395F1CD4BF7400AE0AFB /* Constants */,
				A0CDA6571CD3FE9500F18955 /* Utils */,
				A0CDA6591CD3FE9500F18955 /* ViewControllers */,
				A0A97BBE1CD3DB32008420D4 /* AppDelegate.swift */,
				A0A97BC21CD3DB32008420D4 /* Main.storyboard */,
				A0A97BC71CD3DB32008420D4 /* LaunchScreen.xib */,
				A0C0346B1CDD29CE0017E108 /* Images.xcassets */,
				A0A97BBC1CD3DB32008420D4 /* Supporting Files */,
				A0CDA6681CD48A7900F18955 /* Boltifi-Bridging-Header.h */,
			);
			path = Boltifi;
			sourceTree = "<group>";
		};
		A0A97BBC1CD3DB32008420D4 /* Supporting Files */ = {
			isa = PBXGroup;
			children = (
				A0B5EFDE1CD4C1E800AFDBF4 /* Frameworks */,
				A0A97BBD1CD3DB32008420D4 /* Info.plist */,
			);
			name = "Supporting Files";
			sourceTree = "<group>";
		};
		A0B5EFDE1CD4C1E800AFDBF4 /* Frameworks */ = {
			isa = PBXGroup;
			children = (
				A0BB39591CD4BB0800AE0AFB /* libicucore.dylib */,
				A0BB393F1CD4BA7F00AE0AFB /* GoogleMaps.bundle */,
				A0BB39401CD4BA7F00AE0AFB /* GoogleMaps.framework */,
				A0BB39451CD4BAFC00AE0AFB /* CoreData.framework */,
				A0BB39461CD4BAFC00AE0AFB /* CoreLocation.framework */,
				A0BB39471CD4BAFC00AE0AFB /* CoreText.framework */,
				A0BB39481CD4BAFC00AE0AFB /* GLKit.framework */,
				A0BB39491CD4BAFC00AE0AFB /* ImageIO.framework */,
				A0BB394A1CD4BAFC00AE0AFB /* libc++.dylib */,
				A0BB394B1CD4BAFC00AE0AFB /* libz.dylib */,
				A0BB394C1CD4BAFC00AE0AFB /* OpenGLES.framework */,
				A0BB394D1CD4BAFC00AE0AFB /* QuartzCore.framework */,
				A0BB394E1CD4BAFC00AE0AFB /* SystemConfiguration.framework */,
				A0BB39431CD4BA9600AE0AFB /* AVFoundation.framework */,
			);
			name = Frameworks;
			path = ..;
			sourceTree = "<group>";
		};
		A0BB395F1CD4BF7400AE0AFB /* Constants */ = {
			isa = PBXGroup;
			children = (
				A0BB39601CD4BF7400AE0AFB /* Constants.swift */,
			);
			path = Constants;
			sourceTree = "<group>";
		};
		A0CDA6571CD3FE9500F18955 /* Utils */ = {
			isa = PBXGroup;
			children = (
				A0C029CC1CF4D14800E7A41F /* HTTPHelper.swift */,
				A0CDA6581CD3FE9500F18955 /* Utils.swift */,
				A044680C1CD7CB96000C5A67 /* CPStylist.swift */,
			);
			path = Utils;
			sourceTree = "<group>";
		};
		A0CDA6591CD3FE9500F18955 /* ViewControllers */ = {
			isa = PBXGroup;
			children = (
				A0C0346D1CDD2FB50017E108 /* SeeHowItWorksViewController.swift */,
				A0CDA65A1CD3FE9500F18955 /* BaseViewController.swift */,
				A0CDA65B1CD3FE9500F18955 /* LoginViewController.swift */,
				A0CDA65C1CD3FE9500F18955 /* HomeViewController.swift */,
				A0CDA65D1CD3FE9500F18955 /* RegistrationViewController.swift */,
				A0B68EAE1CD557C8005CECE7 /* TripConfirmationViewController.swift */,
				A0B68EAC1CD55352005CECE7 /* FareEstimateViewController.swift */,
				A0C034651CDCFD040017E108 /* GlobalMenuTableViewController.swift */,
				A0C0346F1CDD2FEC0017E108 /* ContactUsViewController.swift */,
				A0FCD1DB1CD7F2A2004C5905 /* AboutViewController.swift */,
				A0C034671CDD03EF0017E108 /* GlobalMenuCustomCell.swift */,
				A09651861CDD94FD00E66DD2 /* CreditCardViewController.swift */,
			);
			path = ViewControllers;
			sourceTree = "<group>";
		};
		A0DAA8B11CF390DC00D1C615 /* WebServices */ = {
			isa = PBXGroup;
			children = (
				A0DAA8B21CF390F100D1C615 /* WebServiceManager.swift */,
			);
			path = WebServices;
			sourceTree = "<group>";
		};
		A0E4D0011CDBD85600081F0F /* SWRevealViewController */ = {
			isa = PBXGroup;
			children = (
				A0E4D0021CDBD85600081F0F /* SWRevealViewController.h */,
				A0E4D0031CDBD85600081F0F /* SWRevealViewController.m */,
			);
			path = SWRevealViewController;
			sourceTree = "<group>";
		};
		F8E88FF7E88DFA8BB63ECC75 /* Frameworks */ = {
			isa = PBXGroup;
			children = (
				B579D2274C8B3B6A105889AC /* Pods_Boltifi.framework */,
			);
			name = Frameworks;
			sourceTree = "<group>";
		};
/* End PBXGroup section */

/* Begin PBXNativeTarget section */
		A0A97BB81CD3DB32008420D4 /* Boltifi */ = {
			isa = PBXNativeTarget;
			buildConfigurationList = A0A97BD81CD3DB32008420D4 /* Build configuration list for PBXNativeTarget "Boltifi" */;
			buildPhases = (
				EE3D09D34CC402E3B6DD7F8C /* Check Pods Manifest.lock */,
				A0A97BB51CD3DB32008420D4 /* Sources */,
				A0A97BB61CD3DB32008420D4 /* Frameworks */,
				A0A97BB71CD3DB32008420D4 /* Resources */,
				BD04FE933D0C95391CEBD952 /* Embed Pods Frameworks */,
				F276C14E3B95BBF997041D1E /* Copy Pods Resources */,
			);
			buildRules = (
			);
			dependencies = (
			);
			name = Boltifi;
			productName = Boltifi;
			productReference = A0A97BB91CD3DB32008420D4 /* Boltifi.app */;
			productType = "com.apple.product-type.application";
		};
/* End PBXNativeTarget section */

/* Begin PBXProject section */
		A0A97BB11CD3DB32008420D4 /* Project object */ = {
			isa = PBXProject;
			attributes = {
				LastSwiftMigration = 0720;
				LastSwiftUpdateCheck = 0720;
				LastUpgradeCheck = 0720;
				ORGANIZATIONNAME = Boltifi;
				TargetAttributes = {
					A0A97BB81CD3DB32008420D4 = {
						CreatedOnToolsVersion = 6.3;
					};
				};
			};
			buildConfigurationList = A0A97BB41CD3DB32008420D4 /* Build configuration list for PBXProject "Boltifi" */;
			compatibilityVersion = "Xcode 3.2";
			developmentRegion = English;
			hasScannedForEncodings = 0;
			knownRegions = (
				en,
				Base,
			);
			mainGroup = A0A97BB01CD3DB32008420D4;
			productRefGroup = A0A97BBA1CD3DB32008420D4 /* Products */;
			projectDirPath = "";
			projectRoot = "";
			targets = (
				A0A97BB81CD3DB32008420D4 /* Boltifi */,
			);
		};
/* End PBXProject section */

/* Begin PBXResourcesBuildPhase section */
		A0A97BB71CD3DB32008420D4 /* Resources */ = {
			isa = PBXResourcesBuildPhase;
			buildActionMask = 2147483647;
			files = (
				A0A97BC41CD3DB32008420D4 /* Main.storyboard in Resources */,
				A0C0346C1CDD29CE0017E108 /* Images.xcassets in Resources */,
				A0A97BC91CD3DB32008420D4 /* LaunchScreen.xib in Resources */,
				A0BB39411CD4BA7F00AE0AFB /* GoogleMaps.bundle in Resources */,
			);
			runOnlyForDeploymentPostprocessing = 0;
		};
/* End PBXResourcesBuildPhase section */

/* Begin PBXShellScriptBuildPhase section */
		BD04FE933D0C95391CEBD952 /* Embed Pods Frameworks */ = {
			isa = PBXShellScriptBuildPhase;
			buildActionMask = 2147483647;
			files = (
			);
			inputPaths = (
			);
			name = "Embed Pods Frameworks";
			outputPaths = (
			);
			runOnlyForDeploymentPostprocessing = 0;
			shellPath = /bin/sh;
			shellScript = "\"${SRCROOT}/Pods/Target Support Files/Pods-Boltifi/Pods-Boltifi-frameworks.sh\"\n";
			showEnvVarsInLog = 0;
		};
		EE3D09D34CC402E3B6DD7F8C /* Check Pods Manifest.lock */ = {
			isa = PBXShellScriptBuildPhase;
			buildActionMask = 2147483647;
			files = (
			);
			inputPaths = (
			);
			name = "Check Pods Manifest.lock";
			outputPaths = (
			);
			runOnlyForDeploymentPostprocessing = 0;
			shellPath = /bin/sh;
			shellScript = "diff \"${PODS_ROOT}/../Podfile.lock\" \"${PODS_ROOT}/Manifest.lock\" > /dev/null\nif [[ $? != 0 ]] ; then\n    cat << EOM\nerror: The sandbox is not in sync with the Podfile.lock. Run 'pod install' or update your CocoaPods installation.\nEOM\n    exit 1\nfi\n";
			showEnvVarsInLog = 0;
		};
		F276C14E3B95BBF997041D1E /* Copy Pods Resources */ = {
			isa = PBXShellScriptBuildPhase;
			buildActionMask = 2147483647;
			files = (
			);
			inputPaths = (
			);
			name = "Copy Pods Resources";
			outputPaths = (
			);
			runOnlyForDeploymentPostprocessing = 0;
			shellPath = /bin/sh;
			shellScript = "\"${SRCROOT}/Pods/Target Support Files/Pods-Boltifi/Pods-Boltifi-resources.sh\"\n";
			showEnvVarsInLog = 0;
		};
/* End PBXShellScriptBuildPhase section */

/* Begin PBXSourcesBuildPhase section */
		A0A97BB51CD3DB32008420D4 /* Sources */ = {
			isa = PBXSourcesBuildPhase;
			buildActionMask = 2147483647;
			files = (
				A0B68EAD1CD55352005CECE7 /* FareEstimateViewController.swift in Sources */,
				A0BB395C1CD4BC3F00AE0AFB /* GoogleMaps.bundle in Sources */,
				A0E4D0041CDBD85600081F0F /* SWRevealViewController.m in Sources */,
				A0C034661CDCFD040017E108 /* GlobalMenuTableViewController.swift in Sources */,
				A0B68EAF1CD557C8005CECE7 /* TripConfirmationViewController.swift in Sources */,
				A0FCD1DC1CD7F2A2004C5905 /* AboutViewController.swift in Sources */,
				A044680D1CD7CB96000C5A67 /* CPStylist.swift in Sources */,
				A0C034681CDD03EF0017E108 /* GlobalMenuCustomCell.swift in Sources */,
				A09651871CDD94FD00E66DD2 /* CreditCardViewController.swift in Sources */,
				A0CDA6661CD3FE9500F18955 /* RegistrationViewController.swift in Sources */,
				A0C0346E1CDD2FB50017E108 /* SeeHowItWorksViewController.swift in Sources */,
				A0CDA6621CD3FE9500F18955 /* LoginViewController.swift in Sources */,
				A0A97BBF1CD3DB32008420D4 /* AppDelegate.swift in Sources */,
				A0CDA65E1CD3FE9500F18955 /* Utils.swift in Sources */,
				A0CDA6641CD3FE9500F18955 /* HomeViewController.swift in Sources */,
				A0C029CD1CF4D14800E7A41F /* HTTPHelper.swift in Sources */,
				A0CDA6601CD3FE9500F18955 /* BaseViewController.swift in Sources */,
				A0BB39611CD4BF7400AE0AFB /* Constants.swift in Sources */,
				A0DAA8B31CF390F100D1C615 /* WebServiceManager.swift in Sources */,
				A04468101CD7CD0F000C5A67 /* UIColorExtension.swift in Sources */,
				A0C034701CDD2FEC0017E108 /* ContactUsViewController.swift in Sources */,
			);
			runOnlyForDeploymentPostprocessing = 0;
		};
/* End PBXSourcesBuildPhase section */

/* Begin PBXVariantGroup section */
		A0A97BC21CD3DB32008420D4 /* Main.storyboard */ = {
			isa = PBXVariantGroup;
			children = (
				A0A97BC31CD3DB32008420D4 /* Base */,
			);
			name = Main.storyboard;
			sourceTree = "<group>";
		};
		A0A97BC71CD3DB32008420D4 /* LaunchScreen.xib */ = {
			isa = PBXVariantGroup;
			children = (
				A0A97BC81CD3DB32008420D4 /* Base */,
			);
			name = LaunchScreen.xib;
			sourceTree = "<group>";
		};
/* End PBXVariantGroup section */

/* Begin XCBuildConfiguration section */
		A0A97BD61CD3DB32008420D4 /* Debug */ = {
			isa = XCBuildConfiguration;
			buildSettings = {
				ALWAYS_SEARCH_USER_PATHS = NO;
				CLANG_CXX_LANGUAGE_STANDARD = "gnu++0x";
				CLANG_CXX_LIBRARY = "libc++";
				CLANG_ENABLE_MODULES = YES;
				CLANG_ENABLE_OBJC_ARC = YES;
				CLANG_WARN_BOOL_CONVERSION = YES;
				CLANG_WARN_CONSTANT_CONVERSION = YES;
				CLANG_WARN_DIRECT_OBJC_ISA_USAGE = YES_ERROR;
				CLANG_WARN_EMPTY_BODY = YES;
				CLANG_WARN_ENUM_CONVERSION = YES;
				CLANG_WARN_INT_CONVERSION = YES;
				CLANG_WARN_OBJC_ROOT_CLASS = YES_ERROR;
				CLANG_WARN_UNREACHABLE_CODE = YES;
				CLANG_WARN__DUPLICATE_METHOD_MATCH = YES;
				"CODE_SIGN_IDENTITY[sdk=iphoneos*]" = "iPhone Developer";
				COPY_PHASE_STRIP = NO;
				DEBUG_INFORMATION_FORMAT = "dwarf-with-dsym";
				ENABLE_STRICT_OBJC_MSGSEND = YES;
				ENABLE_TESTABILITY = YES;
				GCC_C_LANGUAGE_STANDARD = gnu99;
				GCC_DYNAMIC_NO_PIC = NO;
				GCC_NO_COMMON_BLOCKS = YES;
				GCC_OPTIMIZATION_LEVEL = 0;
				GCC_PREPROCESSOR_DEFINITIONS = (
					"DEBUG=1",
					"$(inherited)",
				);
				GCC_SYMBOLS_PRIVATE_EXTERN = NO;
				GCC_WARN_64_TO_32_BIT_CONVERSION = YES;
				GCC_WARN_ABOUT_RETURN_TYPE = YES_ERROR;
				GCC_WARN_UNDECLARED_SELECTOR = YES;
				GCC_WARN_UNINITIALIZED_AUTOS = YES_AGGRESSIVE;
				GCC_WARN_UNUSED_FUNCTION = YES;
				GCC_WARN_UNUSED_VARIABLE = YES;
				IPHONEOS_DEPLOYMENT_TARGET = 8.3;
				MTL_ENABLE_DEBUG_INFO = YES;
				ONLY_ACTIVE_ARCH = YES;
				SDKROOT = iphoneos;
				SWIFT_OPTIMIZATION_LEVEL = "-Onone";
			};
			name = Debug;
		};
		A0A97BD71CD3DB32008420D4 /* Release */ = {
			isa = XCBuildConfiguration;
			buildSettings = {
				ALWAYS_SEARCH_USER_PATHS = NO;
				CLANG_CXX_LANGUAGE_STANDARD = "gnu++0x";
				CLANG_CXX_LIBRARY = "libc++";
				CLANG_ENABLE_MODULES = YES;
				CLANG_ENABLE_OBJC_ARC = YES;
				CLANG_WARN_BOOL_CONVERSION = YES;
				CLANG_WARN_CONSTANT_CONVERSION = YES;
				CLANG_WARN_DIRECT_OBJC_ISA_USAGE = YES_ERROR;
				CLANG_WARN_EMPTY_BODY = YES;
				CLANG_WARN_ENUM_CONVERSION = YES;
				CLANG_WARN_INT_CONVERSION = YES;
				CLANG_WARN_OBJC_ROOT_CLASS = YES_ERROR;
				CLANG_WARN_UNREACHABLE_CODE = YES;
				CLANG_WARN__DUPLICATE_METHOD_MATCH = YES;
				"CODE_SIGN_IDENTITY[sdk=iphoneos*]" = "iPhone Developer";
				COPY_PHASE_STRIP = NO;
				DEBUG_INFORMATION_FORMAT = "dwarf-with-dsym";
				ENABLE_NS_ASSERTIONS = NO;
				ENABLE_STRICT_OBJC_MSGSEND = YES;
				GCC_C_LANGUAGE_STANDARD = gnu99;
				GCC_NO_COMMON_BLOCKS = YES;
				GCC_WARN_64_TO_32_BIT_CONVERSION = YES;
				GCC_WARN_ABOUT_RETURN_TYPE = YES_ERROR;
				GCC_WARN_UNDECLARED_SELECTOR = YES;
				GCC_WARN_UNINITIALIZED_AUTOS = YES_AGGRESSIVE;
				GCC_WARN_UNUSED_FUNCTION = YES;
				GCC_WARN_UNUSED_VARIABLE = YES;
				IPHONEOS_DEPLOYMENT_TARGET = 8.3;
				MTL_ENABLE_DEBUG_INFO = NO;
				SDKROOT = iphoneos;
				VALIDATE_PRODUCT = YES;
			};
			name = Release;
		};
		A0A97BD91CD3DB32008420D4 /* Debug */ = {
			isa = XCBuildConfiguration;
			baseConfigurationReference = B4EC0858DEA1BF6752A2A6A9 /* Pods-Boltifi.debug.xcconfig */;
			buildSettings = {
				ASSETCATALOG_COMPILER_APPICON_NAME = AppIcon;
				FRAMEWORK_SEARCH_PATHS = (
					"$(inherited)",
					"$(PROJECT_DIR)/Boltifi",
				);
				INFOPLIST_FILE = Boltifi/Info.plist;
				LD_RUNPATH_SEARCH_PATHS = "$(inherited) @executable_path/Frameworks";
				OTHER_LDFLAGS = "-ObjC";
				PRODUCT_BUNDLE_IDENTIFIER = com.boltifi;
				PRODUCT_NAME = "$(TARGET_NAME)";
				SWIFT_OBJC_BRIDGING_HEADER = "Boltifi/Boltifi-Bridging-Header.h";
			};
			name = Debug;
		};
		A0A97BDA1CD3DB32008420D4 /* Release */ = {
			isa = XCBuildConfiguration;
			baseConfigurationReference = EC407AC846DC25696D29CB19 /* Pods-Boltifi.release.xcconfig */;
			buildSettings = {
				ASSETCATALOG_COMPILER_APPICON_NAME = AppIcon;
				FRAMEWORK_SEARCH_PATHS = (
					"$(inherited)",
					"$(PROJECT_DIR)/Boltifi",
				);
				INFOPLIST_FILE = Boltifi/Info.plist;
				LD_RUNPATH_SEARCH_PATHS = "$(inherited) @executable_path/Frameworks";
				OTHER_LDFLAGS = "-ObjC";
				PRODUCT_BUNDLE_IDENTIFIER = com.boltifi;
				PRODUCT_NAME = "$(TARGET_NAME)";
				SWIFT_OBJC_BRIDGING_HEADER = "Boltifi/Boltifi-Bridging-Header.h";
			};
			name = Release;
		};
/* End XCBuildConfiguration section */

/* Begin XCConfigurationList section */
		A0A97BB41CD3DB32008420D4 /* Build configuration list for PBXProject "Boltifi" */ = {
			isa = XCConfigurationList;
			buildConfigurations = (
				A0A97BD61CD3DB32008420D4 /* Debug */,
				A0A97BD71CD3DB32008420D4 /* Release */,
			);
			defaultConfigurationIsVisible = 0;
			defaultConfigurationName = Release;
		};
		A0A97BD81CD3DB32008420D4 /* Build configuration list for PBXNativeTarget "Boltifi" */ = {
			isa = XCConfigurationList;
			buildConfigurations = (
				A0A97BD91CD3DB32008420D4 /* Debug */,
				A0A97BDA1CD3DB32008420D4 /* Release */,
			);
			defaultConfigurationIsVisible = 0;
			defaultConfigurationName = Release;
		};
/* End XCConfigurationList section */
	};
	rootObject = A0A97BB11CD3DB32008420D4 /* Project object */;
}
